{
  "name": "secret-util",
  "version": "1.0.0",
  "lockfileVersion": 1,
  "requires": true,
  "dependencies": {
    "@types/memory-cache": {
      "version": "0.2.0",
      "resolved": "https://registry.npmjs.org/@types/memory-cache/-/memory-cache-0.2.0.tgz",
      "integrity": "sha512-zDj+12RJaigGdbd00auPN2KXeQyPVv1ad+54Dcm+cVgiI7cWXher3s9fPZwHMLr1Ji2fcVhccmtDa2mIBlvnlQ=="
    },
    "memory-cache": {
      "version": "0.2.0",
      "resolved": "https://registry.npmjs.org/memory-cache/-/memory-cache-0.2.0.tgz",
      "integrity": "sha1-eJCwHVLADI68nVM+H46xfjA0hxo="
    },
    "typescript": {
      "version": "3.7.5",
      "resolved": "https://registry.npmjs.org/typescript/-/typescript-3.7.5.tgz",
      "integrity": "sha512-/P5lkRXkWHNAbcJIiHPfRoKqyd7bsyCma1hZNUGfn20qm64T6ZBlrzprymeu918H+mB/0rIg2gGK/BXkhhYgBw=="
    }
  }
}
